
Microsoft Visual Studio Solution File, Format Version 12.00
# Visual Studio Version 17
VisualStudioVersion = 17.0.31903.59
MinimumVisualStudioVersion = 10.0.40219.1
Project("{FAE04EC0-301F-11D3-BF4B-00C04F79EFBC}") = "BomTool", "BomTool\BomTool.csproj", "{215F19E1-C7A0-4BAD-A709-800BA8087339}"
EndProject
Global
	GlobalSection(SolutionConfigurationPlatforms) = preSolution
		Debug|Any CPU = Debug|Any CPU
		Release|Any CPU = Release|Any CPU
	EndGlobalSection
	GlobalSection(ProjectConfigurationPlatforms) = postSolution
		{215F19E1-C7A0-4BAD-A709-800BA8087339}.Debug|Any CPU.ActiveCfg = Debug|Any CPU
		{215F19E1-C7A0-4BAD-A709-800BA8087339}.Debug|Any CPU.Build.0 = Debug|Any CPU
		{215F19E1-C7A0-4BAD-A709-800BA8087339}.Release|Any CPU.ActiveCfg = Release|Any CPU
		{215F19E1-C7A0-4BAD-A709-800BA8087339}.Release|Any CPU.Build.0 = Release|Any CPU
	EndGlobalSection
	GlobalSection(SolutionProperties) = preSolution
		HideSolutionNode = FALSE
	EndGlobalSection
	GlobalSection(ExtensibilityGlobals) = postSolution
		SolutionGuid = {6AB0F87E-2032-4559-AFA7-FAD0A43690C5}
	EndGlobalSection
EndGlobal
